
Microsoft Visual Studio Solution File, Format Version 12.00
# Visual Studio Version 17
VisualStudioVersion = 17.14.36518.9
MinimumVisualStudioVersion = 10.0.40219.1
Project("{2150E333-8FDC-42A3-9474-1A3956D46DE8}") = "Task0", "Task0", "{02EA681E-C7D8-13C7-8484-4AC65E1B71E8}"
EndProject
Project("{FAE04EC0-301F-11D3-BF4B-00C04F79EFBC}") = "Tyuiu.Kucherenkonm.Sprint3.Task0.V30", "Tyuiu.Kucherenkonm.Sprint3.Task0.V30\Tyuiu.Kucherenkonm.Sprint3.Task0.V30.csproj", "{05024566-47ED-421C-A4FA-7FA365900E36}"
EndProject
Project("{FAE04EC0-301F-11D3-BF4B-00C04F79EFBC}") = "Tyuiu.Kucherenkonm.Sprint3.Task0.V30.Test", "Tyuiu.Kucherenkonm.Sprint3.Task0.V30.Test\Tyuiu.Kucherenkonm.Sprint3.Task0.V30.Test.csproj", "{FDDC8ECB-087D-4AAC-BFD7-26A8DE0E092F}"
EndProject
Project("{FAE04EC0-301F-11D3-BF4B-00C04F79EFBC}") = "Tyuiu.Kucherenkonm.Sprint3.Task0.V30.Lib", "Tyuiu.Kucherenkonm.Sprint3.Task0.V30.Lib\Tyuiu.Kucherenkonm.Sprint3.Task0.V30.Lib.csproj", "{F24D5D6D-DBCB-491C-AC42-B8CE7D731D15}"
EndProject
Global
	GlobalSection(SolutionConfigurationPlatforms) = preSolution
		Debug|Any CPU = Debug|Any CPU
		Release|Any CPU = Release|Any CPU
	EndGlobalSection
	GlobalSection(ProjectConfigurationPlatforms) = postSolution
		{05024566-47ED-421C-A4FA-7FA365900E36}.Debug|Any CPU.ActiveCfg = Debug|Any CPU
		{05024566-47ED-421C-A4FA-7FA365900E36}.Debug|Any CPU.Build.0 = Debug|Any CPU
		{05024566-47ED-421C-A4FA-7FA365900E36}.Release|Any CPU.ActiveCfg = Release|Any CPU
		{05024566-47ED-421C-A4FA-7FA365900E36}.Release|Any CPU.Build.0 = Release|Any CPU
		{FDDC8ECB-087D-4AAC-BFD7-26A8DE0E092F}.Debug|Any CPU.ActiveCfg = Debug|Any CPU
		{FDDC8ECB-087D-4AAC-BFD7-26A8DE0E092F}.Debug|Any CPU.Build.0 = Debug|Any CPU
		{FDDC8ECB-087D-4AAC-BFD7-26A8DE0E092F}.Release|Any CPU.ActiveCfg = Release|Any CPU
		{FDDC8ECB-087D-4AAC-BFD7-26A8DE0E092F}.Release|Any CPU.Build.0 = Release|Any CPU
		{F24D5D6D-DBCB-491C-AC42-B8CE7D731D15}.Debug|Any CPU.ActiveCfg = Debug|Any CPU
		{F24D5D6D-DBCB-491C-AC42-B8CE7D731D15}.Debug|Any CPU.Build.0 = Debug|Any CPU
		{F24D5D6D-DBCB-491C-AC42-B8CE7D731D15}.Release|Any CPU.ActiveCfg = Release|Any CPU
		{F24D5D6D-DBCB-491C-AC42-B8CE7D731D15}.Release|Any CPU.Build.0 = Release|Any CPU
	EndGlobalSection
	GlobalSection(SolutionProperties) = preSolution
		HideSolutionNode = FALSE
	EndGlobalSection
	GlobalSection(NestedProjects) = preSolution
		{05024566-47ED-421C-A4FA-7FA365900E36} = {02EA681E-C7D8-13C7-8484-4AC65E1B71E8}
		{FDDC8ECB-087D-4AAC-BFD7-26A8DE0E092F} = {02EA681E-C7D8-13C7-8484-4AC65E1B71E8}
		{F24D5D6D-DBCB-491C-AC42-B8CE7D731D15} = {02EA681E-C7D8-13C7-8484-4AC65E1B71E8}
	EndGlobalSection
	GlobalSection(ExtensibilityGlobals) = postSolution
		SolutionGuid = {5B10DFEE-BCAB-407C-B277-254CD0070B14}
	EndGlobalSection
EndGlobal
